
Microsoft Visual Studio Solution File, Format Version 12.00
# Visual Studio 15
Project("{FAE04EC0-301F-11D3-BF4B-00C04F79EFBC}") = "IComparable_Implementation", "IComparable_Implementation\IComparable_Implementation.csproj", "{1C726DEC-C66E-45D1-8E0C-B8201AEA53A6}"
EndProject
Global
	GlobalSection(SolutionConfigurationPlatforms) = preSolution
		Debug|Any CPU = Debug|Any CPU
		Release|Any CPU = Release|Any CPU
	EndGlobalSection
	GlobalSection(ProjectConfigurationPlatforms) = postSolution
		{1C726DEC-C66E-45D1-8E0C-B8201AEA53A6}.Debug|Any CPU.ActiveCfg = Debug|Any CPU
		{1C726DEC-C66E-45D1-8E0C-B8201AEA53A6}.Debug|Any CPU.Build.0 = Debug|Any CPU
		{1C726DEC-C66E-45D1-8E0C-B8201AEA53A6}.Release|Any CPU.ActiveCfg = Release|Any CPU
		{1C726DEC-C66E-45D1-8E0C-B8201AEA53A6}.Release|Any CPU.Build.0 = Release|Any CPU
	EndGlobalSection
EndGlobal
